<Solution>
  <Folder Name="/SolutionFiles/">
    <File Path="README.md" />
  </Folder>
  <Project Path="App.Database/App.Database.csproj" />
  <Project Path="App.Model/App.Model.csproj" />
  <Project Path="App.Test/App.Test.csproj" />
  <Project Path="AspireApp.AppHost/AspireApp.AppHost.csproj" />
  <Project Path="AspireApp.Server/AspireApp.Server.csproj" />
  <Project Path="frontend/frontend.esproj">
    <Build />
    <Deploy />
  </Project>
</Solution>
